// !$*UTF8*$!
{
	archiveVersion = 1;
	classes = {
	};
	objectVersion = 50;
	objects = {

/* Begin PBXBuildFile section */
		243D926F22AAEB4100BECB6C /* AppDelegate.swift in Sources */ = {isa = PBXBuildFile; fileRef = 243D926E22AAEB4100BECB6C /* AppDelegate.swift */; };
		243D927122AAEB4100BECB6C /* SceneDelegate.swift in Sources */ = {isa = PBXBuildFile; fileRef = 243D927022AAEB4100BECB6C /* SceneDelegate.swift */; };
		243D927322AAEB4100BECB6C /* ContentView.swift in Sources */ = {isa = PBXBuildFile; fileRef = 243D927222AAEB4100BECB6C /* ContentView.swift */; };
		243D927522AAEB4200BECB6C /* Assets.xcassets in Resources */ = {isa = PBXBuildFile; fileRef = 243D927422AAEB4200BECB6C /* Assets.xcassets */; };
		243D927822AAEB4200BECB6C /* Preview Assets.xcassets in Resources */ = {isa = PBXBuildFile; fileRef = 243D927722AAEB4200BECB6C /* Preview Assets.xcassets */; };
		243D927B22AAEB4200BECB6C /* LaunchScreen.storyboard in Resources */ = {isa = PBXBuildFile; fileRef = 243D927922AAEB4200BECB6C /* LaunchScreen.storyboard */; };
		243D928422AAFCED00BECB6C /* Security.swift in Sources */ = {isa = PBXBuildFile; fileRef = 243D928322AAFCED00BECB6C /* Security.swift */; };
		243D928622AAFD1400BECB6C /* Account.swift in Sources */ = {isa = PBXBuildFile; fileRef = 243D928522AAFD1400BECB6C /* Account.swift */; };
		243D928822AB07F800BECB6C /* Depot.swift in Sources */ = {isa = PBXBuildFile; fileRef = 243D928722AB07F800BECB6C /* Depot.swift */; };
		243D928A22AB081400BECB6C /* Manager.swift in Sources */ = {isa = PBXBuildFile; fileRef = 243D928922AB081400BECB6C /* Manager.swift */; };
		243D928C22AB0D0800BECB6C /* Transaction.swift in Sources */ = {isa = PBXBuildFile; fileRef = 243D928B22AB0D0800BECB6C /* Transaction.swift */; };
		243D928F22AB25DF00BECB6C /* DepotView.swift in Sources */ = {isa = PBXBuildFile; fileRef = 243D928E22AB25DF00BECB6C /* DepotView.swift */; };
		243D929122AB261A00BECB6C /* AssetView.swift in Sources */ = {isa = PBXBuildFile; fileRef = 243D929022AB261A00BECB6C /* AssetView.swift */; };
		243D929322AB264700BECB6C /* SecurityView.swift in Sources */ = {isa = PBXBuildFile; fileRef = 243D929222AB264700BECB6C /* SecurityView.swift */; };
		2451424422ABF9E300BAFD5C /* AssetStore.swift in Sources */ = {isa = PBXBuildFile; fileRef = 2451424322ABF9E300BAFD5C /* AssetStore.swift */; };
/* End PBXBuildFile section */

/* Begin PBXFileReference section */
		243D926B22AAEB4100BECB6C /* Portfolio.app */ = {isa = PBXFileReference; explicitFileType = wrapper.application; includeInIndex = 0; path = Portfolio.app; sourceTree = BUILT_PRODUCTS_DIR; };
		243D926E22AAEB4100BECB6C /* AppDelegate.swift */ = {isa = PBXFileReference; lastKnownFileType = sourcecode.swift; path = AppDelegate.swift; sourceTree = "<group>"; };
		243D927022AAEB4100BECB6C /* SceneDelegate.swift */ = {isa = PBXFileReference; lastKnownFileType = sourcecode.swift; path = SceneDelegate.swift; sourceTree = "<group>"; };
		243D927222AAEB4100BECB6C /* ContentView.swift */ = {isa = PBXFileReference; lastKnownFileType = sourcecode.swift; path = ContentView.swift; sourceTree = "<group>"; };
		243D927422AAEB4200BECB6C /* Assets.xcassets */ = {isa = PBXFileReference; lastKnownFileType = folder.assetcatalog; path = Assets.xcassets; sourceTree = "<group>"; };
		243D927722AAEB4200BECB6C /* Preview Assets.xcassets */ = {isa = PBXFileReference; lastKnownFileType = folder.assetcatalog; path = "Preview Assets.xcassets"; sourceTree = "<group>"; };
		243D927A22AAEB4200BECB6C /* Base */ = {isa = PBXFileReference; lastKnownFileType = file.storyboard; name = Base; path = Base.lproj/LaunchScreen.storyboard; sourceTree = "<group>"; };
		243D927C22AAEB4200BECB6C /* Info.plist */ = {isa = PBXFileReference; lastKnownFileType = text.plist.xml; path = Info.plist; sourceTree = "<group>"; };
		243D928322AAFCED00BECB6C /* Security.swift */ = {isa = PBXFileReference; lastKnownFileType = sourcecode.swift; path = Security.swift; sourceTree = "<group>"; };
		243D928522AAFD1400BECB6C /* Account.swift */ = {isa = PBXFileReference; lastKnownFileType = sourcecode.swift; path = Account.swift; sourceTree = "<group>"; };
		243D928722AB07F800BECB6C /* Depot.swift */ = {isa = PBXFileReference; lastKnownFileType = sourcecode.swift; path = Depot.swift; sourceTree = "<group>"; };
		243D928922AB081400BECB6C /* Manager.swift */ = {isa = PBXFileReference; lastKnownFileType = sourcecode.swift; path = Manager.swift; sourceTree = "<group>"; };
		243D928B22AB0D0800BECB6C /* Transaction.swift */ = {isa = PBXFileReference; lastKnownFileType = sourcecode.swift; path = Transaction.swift; sourceTree = "<group>"; };
		243D928E22AB25DF00BECB6C /* DepotView.swift */ = {isa = PBXFileReference; lastKnownFileType = sourcecode.swift; path = DepotView.swift; sourceTree = "<group>"; };
		243D929022AB261A00BECB6C /* AssetView.swift */ = {isa = PBXFileReference; lastKnownFileType = sourcecode.swift; path = AssetView.swift; sourceTree = "<group>"; };
		243D929222AB264700BECB6C /* SecurityView.swift */ = {isa = PBXFileReference; lastKnownFileType = sourcecode.swift; path = SecurityView.swift; sourceTree = "<group>"; };
		2451424322ABF9E300BAFD5C /* AssetStore.swift */ = {isa = PBXFileReference; lastKnownFileType = sourcecode.swift; path = AssetStore.swift; sourceTree = "<group>"; };
/* End PBXFileReference section */

/* Begin PBXFrameworksBuildPhase section */
		243D926822AAEB4100BECB6C /* Frameworks */ = {
			isa = PBXFrameworksBuildPhase;
			buildActionMask = 2147483647;
			files = (
			);
			runOnlyForDeploymentPostprocessing = 0;
		};
/* End PBXFrameworksBuildPhase section */

/* Begin PBXGroup section */
		243D926222AAEB4100BECB6C = {
			isa = PBXGroup;
			children = (
				243D926D22AAEB4100BECB6C /* Portfolio */,
				243D926C22AAEB4100BECB6C /* Products */,
			);
			sourceTree = "<group>";
		};
		243D926C22AAEB4100BECB6C /* Products */ = {
			isa = PBXGroup;
			children = (
				243D926B22AAEB4100BECB6C /* Portfolio.app */,
			);
			name = Products;
			sourceTree = "<group>";
		};
		243D926D22AAEB4100BECB6C /* Portfolio */ = {
			isa = PBXGroup;
			children = (
				243D928D22AB22CA00BECB6C /* View */,
				243D928222AAFCE300BECB6C /* Model */,
				243D926E22AAEB4100BECB6C /* AppDelegate.swift */,
				243D927022AAEB4100BECB6C /* SceneDelegate.swift */,
				243D927422AAEB4200BECB6C /* Assets.xcassets */,
				243D927922AAEB4200BECB6C /* LaunchScreen.storyboard */,
				243D927C22AAEB4200BECB6C /* Info.plist */,
				243D927622AAEB4200BECB6C /* Preview Content */,
			);
			path = Portfolio;
			sourceTree = "<group>";
		};
		243D927622AAEB4200BECB6C /* Preview Content */ = {
			isa = PBXGroup;
			children = (
				243D927722AAEB4200BECB6C /* Preview Assets.xcassets */,
			);
			path = "Preview Content";
			sourceTree = "<group>";
		};
		243D928222AAFCE300BECB6C /* Model */ = {
			isa = PBXGroup;
			children = (
				243D928322AAFCED00BECB6C /* Security.swift */,
				243D928522AAFD1400BECB6C /* Account.swift */,
				243D928722AB07F800BECB6C /* Depot.swift */,
				243D928922AB081400BECB6C /* Manager.swift */,
				243D928B22AB0D0800BECB6C /* Transaction.swift */,
				2451424322ABF9E300BAFD5C /* AssetStore.swift */,
			);
			path = Model;
			sourceTree = "<group>";
		};
		243D928D22AB22CA00BECB6C /* View */ = {
			isa = PBXGroup;
			children = (
				243D927222AAEB4100BECB6C /* ContentView.swift */,
				243D929222AB264700BECB6C /* SecurityView.swift */,
				243D929022AB261A00BECB6C /* AssetView.swift */,
				243D928E22AB25DF00BECB6C /* DepotView.swift */,
			);
			path = View;
			sourceTree = "<group>";
		};
/* End PBXGroup section */

/* Begin PBXNativeTarget section */
		243D926A22AAEB4100BECB6C /* Portfolio */ = {
			isa = PBXNativeTarget;
			buildConfigurationList = 243D927F22AAEB4200BECB6C /* Build configuration list for PBXNativeTarget "Portfolio" */;
			buildPhases = (
				243D926722AAEB4100BECB6C /* Sources */,
				243D926822AAEB4100BECB6C /* Frameworks */,
				243D926922AAEB4100BECB6C /* Resources */,
			);
			buildRules = (
			);
			dependencies = (
			);
			name = Portfolio;
			productName = Portfolio;
			productReference = 243D926B22AAEB4100BECB6C /* Portfolio.app */;
			productType = "com.apple.product-type.application";
		};
/* End PBXNativeTarget section */

/* Begin PBXProject section */
		243D926322AAEB4100BECB6C /* Project object */ = {
			isa = PBXProject;
			attributes = {
				LastSwiftUpdateCheck = 1100;
				LastUpgradeCheck = 1100;
				ORGANIZATIONNAME = SauerStudios;
				TargetAttributes = {
					243D926A22AAEB4100BECB6C = {
						CreatedOnToolsVersion = 11.0;
					};
				};
			};
			buildConfigurationList = 243D926622AAEB4100BECB6C /* Build configuration list for PBXProject "Portfolio" */;
			compatibilityVersion = "Xcode 9.3";
			developmentRegion = en;
			hasScannedForEncodings = 0;
			knownRegions = (
				en,
				Base,
			);
			mainGroup = 243D926222AAEB4100BECB6C;
			productRefGroup = 243D926C22AAEB4100BECB6C /* Products */;
			projectDirPath = "";
			projectRoot = "";
			targets = (
				243D926A22AAEB4100BECB6C /* Portfolio */,
			);
		};
/* End PBXProject section */

/* Begin PBXResourcesBuildPhase section */
		243D926922AAEB4100BECB6C /* Resources */ = {
			isa = PBXResourcesBuildPhase;
			buildActionMask = 2147483647;
			files = (
				243D927B22AAEB4200BECB6C /* LaunchScreen.storyboard in Resources */,
				243D927822AAEB4200BECB6C /* Preview Assets.xcassets in Resources */,
				243D927522AAEB4200BECB6C /* Assets.xcassets in Resources */,
			);
			runOnlyForDeploymentPostprocessing = 0;
		};
/* End PBXResourcesBuildPhase section */

/* Begin PBXSourcesBuildPhase section */
		243D926722AAEB4100BECB6C /* Sources */ = {
			isa = PBXSourcesBuildPhase;
			buildActionMask = 2147483647;
			files = (
				243D929322AB264700BECB6C /* SecurityView.swift in Sources */,
				243D928622AAFD1400BECB6C /* Account.swift in Sources */,
				243D928A22AB081400BECB6C /* Manager.swift in Sources */,
				243D928C22AB0D0800BECB6C /* Transaction.swift in Sources */,
				243D926F22AAEB4100BECB6C /* AppDelegate.swift in Sources */,
				2451424422ABF9E300BAFD5C /* AssetStore.swift in Sources */,
				243D928822AB07F800BECB6C /* Depot.swift in Sources */,
				243D928422AAFCED00BECB6C /* Security.swift in Sources */,
				243D929122AB261A00BECB6C /* AssetView.swift in Sources */,
				243D927122AAEB4100BECB6C /* SceneDelegate.swift in Sources */,
				243D928F22AB25DF00BECB6C /* DepotView.swift in Sources */,
				243D927322AAEB4100BECB6C /* ContentView.swift in Sources */,
			);
			runOnlyForDeploymentPostprocessing = 0;
		};
/* End PBXSourcesBuildPhase section */

/* Begin PBXVariantGroup section */
		243D927922AAEB4200BECB6C /* LaunchScreen.storyboard */ = {
			isa = PBXVariantGroup;
			children = (
				243D927A22AAEB4200BECB6C /* Base */,
			);
			name = LaunchScreen.storyboard;
			sourceTree = "<group>";
		};
/* End PBXVariantGroup section */

/* Begin XCBuildConfiguration section */
		243D927D22AAEB4200BECB6C /* Debug */ = {
			isa = XCBuildConfiguration;
			buildSettings = {
				ALWAYS_SEARCH_USER_PATHS = NO;
				CLANG_ANALYZER_NONNULL = YES;
				CLANG_ANALYZER_NUMBER_OBJECT_CONVERSION = YES_AGGRESSIVE;
				CLANG_CXX_LANGUAGE_STANDARD = "gnu++14";
				CLANG_CXX_LIBRARY = "libc++";
				CLANG_ENABLE_MODULES = YES;
				CLANG_ENABLE_OBJC_ARC = YES;
				CLANG_ENABLE_OBJC_WEAK = YES;
				CLANG_WARN_BLOCK_CAPTURE_AUTORELEASING = YES;
				CLANG_WARN_BOOL_CONVERSION = YES;
				CLANG_WARN_COMMA = YES;
				CLANG_WARN_CONSTANT_CONVERSION = YES;
				CLANG_WARN_DEPRECATED_OBJC_IMPLEMENTATIONS = YES;
				CLANG_WARN_DIRECT_OBJC_ISA_USAGE = YES_ERROR;
				CLANG_WARN_DOCUMENTATION_COMMENTS = YES;
				CLANG_WARN_EMPTY_BODY = YES;
				CLANG_WARN_ENUM_CONVERSION = YES;
				CLANG_WARN_INFINITE_RECURSION = YES;
				CLANG_WARN_INT_CONVERSION = YES;
				CLANG_WARN_NON_LITERAL_NULL_CONVERSION = YES;
				CLANG_WARN_OBJC_IMPLICIT_RETAIN_SELF = YES;
				CLANG_WARN_OBJC_LITERAL_CONVERSION = YES;
				CLANG_WARN_OBJC_ROOT_CLASS = YES_ERROR;
				CLANG_WARN_RANGE_LOOP_ANALYSIS = YES;
				CLANG_WARN_STRICT_PROTOTYPES = YES;
				CLANG_WARN_SUSPICIOUS_MOVE = YES;
				CLANG_WARN_UNGUARDED_AVAILABILITY = YES_AGGRESSIVE;
				CLANG_WARN_UNREACHABLE_CODE = YES;
				CLANG_WARN__DUPLICATE_METHOD_MATCH = YES;
				COPY_PHASE_STRIP = NO;
				DEBUG_INFORMATION_FORMAT = dwarf;
				ENABLE_STRICT_OBJC_MSGSEND = YES;
				ENABLE_TESTABILITY = YES;
				GCC_C_LANGUAGE_STANDARD = gnu11;
				GCC_DYNAMIC_NO_PIC = NO;
				GCC_NO_COMMON_BLOCKS = YES;
				GCC_OPTIMIZATION_LEVEL = 0;
				GCC_PREPROCESSOR_DEFINITIONS = (
					"DEBUG=1",
					"$(inherited)",
				);
				GCC_WARN_64_TO_32_BIT_CONVERSION = YES;
				GCC_WARN_ABOUT_RETURN_TYPE = YES_ERROR;
				GCC_WARN_UNDECLARED_SELECTOR = YES;
				GCC_WARN_UNINITIALIZED_AUTOS = YES_AGGRESSIVE;
				GCC_WARN_UNUSED_FUNCTION = YES;
				GCC_WARN_UNUSED_VARIABLE = YES;
				IPHONEOS_DEPLOYMENT_TARGET = 13.0;
				MTL_ENABLE_DEBUG_INFO = INCLUDE_SOURCE;
				MTL_FAST_MATH = YES;
				ONLY_ACTIVE_ARCH = YES;
				SDKROOT = iphoneos;
				SWIFT_ACTIVE_COMPILATION_CONDITIONS = DEBUG;
				SWIFT_OPTIMIZATION_LEVEL = "-Onone";
			};
			name = Debug;
		};
		243D927E22AAEB4200BECB6C /* Release */ = {
			isa = XCBuildConfiguration;
			buildSettings = {
				ALWAYS_SEARCH_USER_PATHS = NO;
				CLANG_ANALYZER_NONNULL = YES;
				CLANG_ANALYZER_NUMBER_OBJECT_CONVERSION = YES_AGGRESSIVE;
				CLANG_CXX_LANGUAGE_STANDARD = "gnu++14";
				CLANG_CXX_LIBRARY = "libc++";
				CLANG_ENABLE_MODULES = YES;
				CLANG_ENABLE_OBJC_ARC = YES;
				CLANG_ENABLE_OBJC_WEAK = YES;
				CLANG_WARN_BLOCK_CAPTURE_AUTORELEASING = YES;
				CLANG_WARN_BOOL_CONVERSION = YES;
				CLANG_WARN_COMMA = YES;
				CLANG_WARN_CONSTANT_CONVERSION = YES;
				CLANG_WARN_DEPRECATED_OBJC_IMPLEMENTATIONS = YES;
				CLANG_WARN_DIRECT_OBJC_ISA_USAGE = YES_ERROR;
				CLANG_WARN_DOCUMENTATION_COMMENTS = YES;
				CLANG_WARN_EMPTY_BODY = YES;
				CLANG_WARN_ENUM_CONVERSION = YES;
				CLANG_WARN_INFINITE_RECURSION = YES;
				CLANG_WARN_INT_CONVERSION = YES;
				CLANG_WARN_NON_LITERAL_NULL_CONVERSION = YES;
				CLANG_WARN_OBJC_IMPLICIT_RETAIN_SELF = YES;
				CLANG_WARN_OBJC_LITERAL_CONVERSION = YES;
				CLANG_WARN_OBJC_ROOT_CLASS = YES_ERROR;
				CLANG_WARN_RANGE_LOOP_ANALYSIS = YES;
				CLANG_WARN_STRICT_PROTOTYPES = YES;
				CLANG_WARN_SUSPICIOUS_MOVE = YES;
				CLANG_WARN_UNGUARDED_AVAILABILITY = YES_AGGRESSIVE;
				CLANG_WARN_UNREACHABLE_CODE = YES;
				CLANG_WARN__DUPLICATE_METHOD_MATCH = YES;
				COPY_PHASE_STRIP = NO;
				DEBUG_INFORMATION_FORMAT = "dwarf-with-dsym";
				ENABLE_NS_ASSERTIONS = NO;
				ENABLE_STRICT_OBJC_MSGSEND = YES;
				GCC_C_LANGUAGE_STANDARD = gnu11;
				GCC_NO_COMMON_BLOCKS = YES;
				GCC_WARN_64_TO_32_BIT_CONVERSION = YES;
				GCC_WARN_ABOUT_RETURN_TYPE = YES_ERROR;
				GCC_WARN_UNDECLARED_SELECTOR = YES;
				GCC_WARN_UNINITIALIZED_AUTOS = YES_AGGRESSIVE;
				GCC_WARN_UNUSED_FUNCTION = YES;
				GCC_WARN_UNUSED_VARIABLE = YES;
				IPHONEOS_DEPLOYMENT_TARGET = 13.0;
				MTL_ENABLE_DEBUG_INFO = NO;
				MTL_FAST_MATH = YES;
				SDKROOT = iphoneos;
				SWIFT_COMPILATION_MODE = wholemodule;
				SWIFT_OPTIMIZATION_LEVEL = "-O";
				VALIDATE_PRODUCT = YES;
			};
			name = Release;
		};
		243D928022AAEB4200BECB6C /* Debug */ = {
			isa = XCBuildConfiguration;
			buildSettings = {
				ASSETCATALOG_COMPILER_APPICON_NAME = AppIcon;
				CODE_SIGN_STYLE = Automatic;
				DEVELOPMENT_ASSET_PATHS = "Portfolio/Preview\\ Content";
				DEVELOPMENT_TEAM = JPC698935F;
				ENABLE_PREVIEWS = YES;
				INFOPLIST_FILE = Portfolio/Info.plist;
				LD_RUNPATH_SEARCH_PATHS = (
					"$(inherited)",
					"@executable_path/Frameworks",
				);
				PRODUCT_BUNDLE_IDENTIFIER = com.sauerstudios.Portfolio;
				PRODUCT_NAME = "$(TARGET_NAME)";
				SWIFT_VERSION = 5.0;
				TARGETED_DEVICE_FAMILY = "1,2";
			};
			name = Debug;
		};
		243D928122AAEB4200BECB6C /* Release */ = {
			isa = XCBuildConfiguration;
			buildSettings = {
				ASSETCATALOG_COMPILER_APPICON_NAME = AppIcon;
				CODE_SIGN_STYLE = Automatic;
				DEVELOPMENT_ASSET_PATHS = "Portfolio/Preview\\ Content";
				DEVELOPMENT_TEAM = JPC698935F;
				ENABLE_PREVIEWS = YES;
				INFOPLIST_FILE = Portfolio/Info.plist;
				LD_RUNPATH_SEARCH_PATHS = (
					"$(inherited)",
					"@executable_path/Frameworks",
				);
				PRODUCT_BUNDLE_IDENTIFIER = com.sauerstudios.Portfolio;
				PRODUCT_NAME = "$(TARGET_NAME)";
				SWIFT_VERSION = 5.0;
				TARGETED_DEVICE_FAMILY = "1,2";
			};
			name = Release;
		};
/* End XCBuildConfiguration section */

/* Begin XCConfigurationList section */
		243D926622AAEB4100BECB6C /* Build configuration list for PBXProject "Portfolio" */ = {
			isa = XCConfigurationList;
			buildConfigurations = (
				243D927D22AAEB4200BECB6C /* Debug */,
				243D927E22AAEB4200BECB6C /* Release */,
			);
			defaultConfigurationIsVisible = 0;
			defaultConfigurationName = Release;
		};
		243D927F22AAEB4200BECB6C /* Build configuration list for PBXNativeTarget "Portfolio" */ = {
			isa = XCConfigurationList;
			buildConfigurations = (
				243D928022AAEB4200BECB6C /* Debug */,
				243D928122AAEB4200BECB6C /* Release */,
			);
			defaultConfigurationIsVisible = 0;
			defaultConfigurationName = Release;
		};
/* End XCConfigurationList section */
	};
	rootObject = 243D926322AAEB4100BECB6C /* Project object */;
}
